
Microsoft Visual Studio Solution File, Format Version 12.00
# Visual Studio Version 17
VisualStudioVersion = 17.1.32210.238
MinimumVisualStudioVersion = 10.0.40219.1
Project("{FAE04EC0-301F-11D3-BF4B-00C04F79EFBC}") = "BeDesigner", "BeDesigner.csproj", "{487E6253-6FD5-439C-ADE5-8BB34A15B957}"
EndProject
Global
	GlobalSection(SolutionConfigurationPlatforms) = preSolution
		Debug|Any CPU = Debug|Any CPU
		Release|Any CPU = Release|Any CPU
	EndGlobalSection
	GlobalSection(ProjectConfigurationPlatforms) = postSolution
		{487E6253-6FD5-439C-ADE5-8BB34A15B957}.Debug|Any CPU.ActiveCfg = Debug|Any CPU
		{487E6253-6FD5-439C-ADE5-8BB34A15B957}.Debug|Any CPU.Build.0 = Debug|Any CPU
		{487E6253-6FD5-439C-ADE5-8BB34A15B957}.Release|Any CPU.ActiveCfg = Release|Any CPU
		{487E6253-6FD5-439C-ADE5-8BB34A15B957}.Release|Any CPU.Build.0 = Release|Any CPU
	EndGlobalSection
	GlobalSection(SolutionProperties) = preSolution
		HideSolutionNode = FALSE
	EndGlobalSection
	GlobalSection(ExtensibilityGlobals) = postSolution
		SolutionGuid = {AED579E1-CE6D-47B9-BA43-19152CD463FF}
	EndGlobalSection
EndGlobal
